
Microsoft Visual Studio Solution File, Format Version 12.00
# Visual Studio 15
VisualStudioVersion = 15.0.28010.2041
MinimumVisualStudioVersion = 10.0.40219.1
Project("{FAE04EC0-301F-11D3-BF4B-00C04F79EFBC}") = "RecommenderSystem", "RecommenderSystem\RecommenderSystem.csproj", "{55145489-4755-4B29-AB18-B612051E7FDC}"
EndProject
Project("{FAE04EC0-301F-11D3-BF4B-00C04F79EFBC}") = "Databases", "Databases\Databases.csproj", "{BBEA5D1F-1A0C-487D-8D51-77AF44452466}"
EndProject
Project("{FAE04EC0-301F-11D3-BF4B-00C04F79EFBC}") = "RecommendationEngine", "RecommendationEngine\RecommendationEngine.csproj", "{C9402A65-9BC3-414E-AD7B-0EA720B7E426}"
EndProject
Global
	GlobalSection(SolutionConfigurationPlatforms) = preSolution
		Debug|Any CPU = Debug|Any CPU
		Release|Any CPU = Release|Any CPU
	EndGlobalSection
	GlobalSection(ProjectConfigurationPlatforms) = postSolution
		{55145489-4755-4B29-AB18-B612051E7FDC}.Debug|Any CPU.ActiveCfg = Debug|Any CPU
		{55145489-4755-4B29-AB18-B612051E7FDC}.Debug|Any CPU.Build.0 = Debug|Any CPU
		{55145489-4755-4B29-AB18-B612051E7FDC}.Release|Any CPU.ActiveCfg = Release|Any CPU
		{55145489-4755-4B29-AB18-B612051E7FDC}.Release|Any CPU.Build.0 = Release|Any CPU
		{BBEA5D1F-1A0C-487D-8D51-77AF44452466}.Debug|Any CPU.ActiveCfg = Debug|Any CPU
		{BBEA5D1F-1A0C-487D-8D51-77AF44452466}.Debug|Any CPU.Build.0 = Debug|Any CPU
		{BBEA5D1F-1A0C-487D-8D51-77AF44452466}.Release|Any CPU.ActiveCfg = Release|Any CPU
		{BBEA5D1F-1A0C-487D-8D51-77AF44452466}.Release|Any CPU.Build.0 = Release|Any CPU
		{C9402A65-9BC3-414E-AD7B-0EA720B7E426}.Debug|Any CPU.ActiveCfg = Debug|Any CPU
		{C9402A65-9BC3-414E-AD7B-0EA720B7E426}.Debug|Any CPU.Build.0 = Debug|Any CPU
		{C9402A65-9BC3-414E-AD7B-0EA720B7E426}.Release|Any CPU.ActiveCfg = Release|Any CPU
		{C9402A65-9BC3-414E-AD7B-0EA720B7E426}.Release|Any CPU.Build.0 = Release|Any CPU
	EndGlobalSection
	GlobalSection(SolutionProperties) = preSolution
		HideSolutionNode = FALSE
	EndGlobalSection
	GlobalSection(ExtensibilityGlobals) = postSolution
		SolutionGuid = {1E0A6982-4B4E-4DA4-827B-DC8DDFF84080}
	EndGlobalSection
EndGlobal
